<?xml version="1.0" encoding="utf-8"?>
<Project ToolsVersion="4.0" xmlns="http://schemas.microsoft.com/developer/msbuild/2003">
  <ItemGroup>
    <Filter Include="源文件">
      <UniqueIdentifier>{4FC737F1-C7A5-4376-A066-2A32D752A2FF}</UniqueIdentifier>
      <Extensions>cpp;c;cc;cxx;def;odl;idl;hpj;bat;asm;asmx</Extensions>
    </Filter>
    <Filter Include="头文件">
      <UniqueIdentifier>{93995380-89BD-4b04-88EB-625FBE52EBFB}</UniqueIdentifier>
      <Extensions>h;hh;hpp;hxx;hm;inl;inc;xsd</Extensions>
    </Filter>
    <Filter Include="资源文件">
      <UniqueIdentifier>{67DA6AB6-F800-4c08-8B7A-83BB121AAD01}</UniqueIdentifier>
      <Extensions>rc;ico;cur;bmp;dlg;rc2;rct;bin;rgs;gif;jpg;jpeg;jpe;resx;tiff;tif;png;wav;mfcribbon-ms</Extensions>
    </Filter>
    <Filter Include="源文件\GraphUtils">
      <UniqueIdentifier>{400f015c-e452-43bb-aa5f-713c754d67ef}</UniqueIdentifier>
    </Filter>
  </ItemGroup>
  <ItemGroup>
    <ClInclude Include="Config.h">
      <Filter>头文件</Filter>
    </ClInclude>
    <ClInclude Include="Features.h">
      <Filter>头文件</Filter>
    </ClInclude>
    <ClInclude Include="HaarFeature.h">
      <Filter>头文件</Filter>
    </ClInclude>
    <ClInclude Include="HaarFeatures.h">
      <Filter>头文件</Filter>
    </ClInclude>
    <ClInclude Include="HistogramFeatures.h">
      <Filter>头文件</Filter>
    </ClInclude>
    <ClInclude Include="ImageRep.h">
      <Filter>头文件</Filter>
    </ClInclude>
    <ClInclude Include="Kernels.h">
      <Filter>头文件</Filter>
    </ClInclude>
    <ClInclude Include="LaRank.h">
      <Filter>头文件</Filter>
    </ClInclude>
    <ClInclude Include="MultiFeatures.h">
      <Filter>头文件</Filter>
    </ClInclude>
    <ClInclude Include="RawFeatures.h">
      <Filter>头文件</Filter>
    </ClInclude>
    <ClInclude Include="Rect.h">
      <Filter>头文件</Filter>
    </ClInclude>
    <ClInclude Include="Sample.h">
      <Filter>头文件</Filter>
    </ClInclude>
    <ClInclude Include="Sampler.h">
      <Filter>头文件</Filter>
    </ClInclude>
    <ClInclude Include="Tracker.h">
      <Filter>头文件</Filter>
    </ClInclude>
    <ClInclude Include="GraphUtils\GraphUtils.h">
      <Filter>源文件\GraphUtils</Filter>
    </ClInclude>
  </ItemGroup>
  <ItemGroup>
    <ClCompile Include="Config.cpp">
      <Filter>源文件</Filter>
    </ClCompile>
    <ClCompile Include="Features.cpp">
      <Filter>源文件</Filter>
    </ClCompile>
    <ClCompile Include="HaarFeature.cpp">
      <Filter>源文件</Filter>
    </ClCompile>
    <ClCompile Include="HaarFeatures.cpp">
      <Filter>源文件</Filter>
    </ClCompile>
    <ClCompile Include="HistogramFeatures.cpp">
      <Filter>源文件</Filter>
    </ClCompile>
    <ClCompile Include="ImageRep.cpp">
      <Filter>源文件</Filter>
    </ClCompile>
    <ClCompile Include="LaRank.cpp">
      <Filter>源文件</Filter>
    </ClCompile>
    <ClCompile Include="main.cpp">
      <Filter>源文件</Filter>
    </ClCompile>
    <ClCompile Include="MultiFeatures.cpp">
      <Filter>源文件</Filter>
    </ClCompile>
    <ClCompile Include="RawFeatures.cpp">
      <Filter>源文件</Filter>
    </ClCompile>
    <ClCompile Include="Sampler.cpp">
      <Filter>源文件</Filter>
    </ClCompile>
    <ClCompile Include="Tracker.cpp">
      <Filter>源文件</Filter>
    </ClCompile>
    <ClCompile Include="GraphUtils\GraphUtils.cpp">
      <Filter>源文件\GraphUtils</Filter>
    </ClCompile>
  </ItemGroup>
</Project>